// !$*UTF8*$!
{
	archiveVersion = 1;
	classes = {
	};
	objectVersion = 50;
	objects = {

/* Begin PBXBuildFile section */
		9D04E6A62568155B002E5F34 /* BatchedActions.swift in Sources */ = {isa = PBXBuildFile; fileRef = 9D04E68E2568155B002E5F34 /* BatchedActions.swift */; };
		9D04E6A72568155B002E5F34 /* Reducer.swift in Sources */ = {isa = PBXBuildFile; fileRef = 9D04E6902568155B002E5F34 /* Reducer.swift */; };
		9D04E6A82568155B002E5F34 /* Observer.swift in Sources */ = {isa = PBXBuildFile; fileRef = 9D04E6922568155B002E5F34 /* Observer.swift */; };
		9D04E6A92568155B002E5F34 /* Observable.swift in Sources */ = {isa = PBXBuildFile; fileRef = 9D04E6932568155B002E5F34 /* Observable.swift */; };
		9D04E6AA2568155B002E5F34 /* Disposable.swift in Sources */ = {isa = PBXBuildFile; fileRef = 9D04E6952568155B002E5F34 /* Disposable.swift */; };
		9D04E6AB2568155B002E5F34 /* CompositeDisposable.swift in Sources */ = {isa = PBXBuildFile; fileRef = 9D04E6962568155B002E5F34 /* CompositeDisposable.swift */; };
		9D04E6AC2568155C002E5F34 /* ReadWriteQueue.swift in Sources */ = {isa = PBXBuildFile; fileRef = 9D04E6982568155B002E5F34 /* ReadWriteQueue.swift */; };
		9D04E6AD2568155C002E5F34 /* Atomic.swift in Sources */ = {isa = PBXBuildFile; fileRef = 9D04E6992568155B002E5F34 /* Atomic.swift */; };
		9D04E6AE2568155C002E5F34 /* Middleware.swift in Sources */ = {isa = PBXBuildFile; fileRef = 9D04E69A2568155B002E5F34 /* Middleware.swift */; };
		9D04E6AF2568155C002E5F34 /* Store.swift in Sources */ = {isa = PBXBuildFile; fileRef = 9D04E69B2568155B002E5F34 /* Store.swift */; };
		9D04E6B02568155C002E5F34 /* Action.swift in Sources */ = {isa = PBXBuildFile; fileRef = 9D04E69C2568155B002E5F34 /* Action.swift */; };
		9D04E6B12568155C002E5F34 /* Redux+Command.swift in Sources */ = {isa = PBXBuildFile; fileRef = 9D04E69E2568155B002E5F34 /* Redux+Command.swift */; };
		9D04E6B22568155C002E5F34 /* Command.swift in Sources */ = {isa = PBXBuildFile; fileRef = 9D04E69F2568155B002E5F34 /* Command.swift */; };
		9D04E6B32568155C002E5F34 /* SideEffects.swift in Sources */ = {isa = PBXBuildFile; fileRef = 9D04E6A12568155B002E5F34 /* SideEffects.swift */; };
		9D04E6B42568155C002E5F34 /* ObservableProducer.swift in Sources */ = {isa = PBXBuildFile; fileRef = 9D04E6A32568155B002E5F34 /* ObservableProducer.swift */; };
		9D04E6B52568155C002E5F34 /* Observable+Steroids.swift in Sources */ = {isa = PBXBuildFile; fileRef = 9D04E6A42568155B002E5F34 /* Observable+Steroids.swift */; };
		9D04E6B62568155C002E5F34 /* Store+Steroids.swift in Sources */ = {isa = PBXBuildFile; fileRef = 9D04E6A52568155B002E5F34 /* Store+Steroids.swift */; };
		9D04E6BF25682376002E5F34 /* AppState.swift in Sources */ = {isa = PBXBuildFile; fileRef = 9D04E6BE25682376002E5F34 /* AppState.swift */; };
		9D55CB8C256BD2E200303406 /* RepositoryConnector.swift in Sources */ = {isa = PBXBuildFile; fileRef = 9D55CB8B256BD2E200303406 /* RepositoryConnector.swift */; };
		9D55CB8F256BD31600303406 /* Store+Extension.swift in Sources */ = {isa = PBXBuildFile; fileRef = 9D55CB8E256BD31600303406 /* Store+Extension.swift */; };
		9D55CB93256BD40E00303406 /* SearchMiddlewareEffect.swift in Sources */ = {isa = PBXBuildFile; fileRef = 9D55CB92256BD40E00303406 /* SearchMiddlewareEffect.swift */; };
		9D55CBB6256C256400303406 /* RepositoriesViewController+Setupable.swift in Sources */ = {isa = PBXBuildFile; fileRef = 9D55CBB5256C256400303406 /* RepositoriesViewController+Setupable.swift */; };
		9D55CBBD256C276600303406 /* Optional+Extension.swift in Sources */ = {isa = PBXBuildFile; fileRef = 9D55CBBC256C276600303406 /* Optional+Extension.swift */; };
		9D5F13F825644DB700C9A6D2 /* RepositoryCell.swift in Sources */ = {isa = PBXBuildFile; fileRef = 9D5F13F725644DB700C9A6D2 /* RepositoryCell.swift */; };
		9D75193A256316EB00C63D10 /* SearchRepositoriesGateway.swift in Sources */ = {isa = PBXBuildFile; fileRef = 9D751939256316EB00C63D10 /* SearchRepositoriesGateway.swift */; };
		9D75193E25631EAE00C63D10 /* ErrorResponseHandler.swift in Sources */ = {isa = PBXBuildFile; fileRef = 9D75193D25631EAE00C63D10 /* ErrorResponseHandler.swift */; };
		9D7519422563229300C63D10 /* ResponseErrorEntity.swift in Sources */ = {isa = PBXBuildFile; fileRef = 9D7519412563229300C63D10 /* ResponseErrorEntity.swift */; };
		9D77C29A25645C1B000E5E5B /* UINib+Extension.swift in Sources */ = {isa = PBXBuildFile; fileRef = 9D77C29725645C1B000E5E5B /* UINib+Extension.swift */; };
		9D77C29B25645C1B000E5E5B /* UITableView+Extension.swift in Sources */ = {isa = PBXBuildFile; fileRef = 9D77C29825645C1B000E5E5B /* UITableView+Extension.swift */; };
		9D77C29C25645C1B000E5E5B /* Functions.swift in Sources */ = {isa = PBXBuildFile; fileRef = 9D77C29925645C1B000E5E5B /* Functions.swift */; };
		9D8FCE202563300300F50BA5 /* AnyError.swift in Sources */ = {isa = PBXBuildFile; fileRef = 9D8FCE1F2563300300F50BA5 /* AnyError.swift */; };
		9D8FCE232563321300F50BA5 /* ConcurrencyRequests.swift in Sources */ = {isa = PBXBuildFile; fileRef = 9D8FCE222563321300F50BA5 /* ConcurrencyRequests.swift */; };
		9D9A9647256304F600764B23 /* GitHubStaff.swift in Sources */ = {isa = PBXBuildFile; fileRef = 9D9A9646256304F600764B23 /* GitHubStaff.swift */; };
		9D9A966125630A4600764B23 /* Config.swift in Sources */ = {isa = PBXBuildFile; fileRef = 9D9A966025630A4600764B23 /* Config.swift */; };
		9D9A9667256310D800764B23 /* PaginationEntity.swift in Sources */ = {isa = PBXBuildFile; fileRef = 9D9A9666256310D800764B23 /* PaginationEntity.swift */; };
		9D9A966B256314CB00764B23 /* RepositoryEntity.swift in Sources */ = {isa = PBXBuildFile; fileRef = 9D9A966A256314CB00764B23 /* RepositoryEntity.swift */; };
		9DA359932565115A006C2B44 /* Collection+Extension.swift in Sources */ = {isa = PBXBuildFile; fileRef = 9DA359922565115A006C2B44 /* Collection+Extension.swift */; };
		9DA359962565170C006C2B44 /* Deallocator.swift in Sources */ = {isa = PBXBuildFile; fileRef = 9DA359952565170C006C2B44 /* Deallocator.swift */; };
		9DA359992565339D006C2B44 /* NSLayoutConstraint+Extension.swift in Sources */ = {isa = PBXBuildFile; fileRef = 9DA359982565339D006C2B44 /* NSLayoutConstraint+Extension.swift */; };
		9DA946F82562F42F004E7AD0 /* AppDelegate.swift in Sources */ = {isa = PBXBuildFile; fileRef = 9DA946F72562F42F004E7AD0 /* AppDelegate.swift */; };
		9DA946FA2562F42F004E7AD0 /* SceneDelegate.swift in Sources */ = {isa = PBXBuildFile; fileRef = 9DA946F92562F42F004E7AD0 /* SceneDelegate.swift */; };
		9DA946FC2562F42F004E7AD0 /* RepositoriesViewController.swift in Sources */ = {isa = PBXBuildFile; fileRef = 9DA946FB2562F42F004E7AD0 /* RepositoriesViewController.swift */; };
		9DA946FF2562F42F004E7AD0 /* Main.storyboard in Resources */ = {isa = PBXBuildFile; fileRef = 9DA946FD2562F42F004E7AD0 /* Main.storyboard */; };
		9DA947012562F431004E7AD0 /* Assets.xcassets in Resources */ = {isa = PBXBuildFile; fileRef = 9DA947002562F431004E7AD0 /* Assets.xcassets */; };
		9DA947042562F431004E7AD0 /* LaunchScreen.storyboard in Resources */ = {isa = PBXBuildFile; fileRef = 9DA947022562F431004E7AD0 /* LaunchScreen.storyboard */; };
		9DA947202562F4DB004E7AD0 /* ResponseHandler.swift in Sources */ = {isa = PBXBuildFile; fileRef = 9DA9470D2562F4DB004E7AD0 /* ResponseHandler.swift */; };
		9DA947212562F4DB004E7AD0 /* UploadFile.swift in Sources */ = {isa = PBXBuildFile; fileRef = 9DA9470E2562F4DB004E7AD0 /* UploadFile.swift */; };
		9DA947222562F4DB004E7AD0 /* ApiClientImpl.swift in Sources */ = {isa = PBXBuildFile; fileRef = 9DA9470F2562F4DB004E7AD0 /* ApiClientImpl.swift */; };
		9DA947232562F4DB004E7AD0 /* ApiClient.swift in Sources */ = {isa = PBXBuildFile; fileRef = 9DA947102562F4DB004E7AD0 /* ApiClient.swift */; };
		9DA947242562F4DB004E7AD0 /* Requests.swift in Sources */ = {isa = PBXBuildFile; fileRef = 9DA947112562F4DB004E7AD0 /* Requests.swift */; };
		9DA947252562F4DB004E7AD0 /* BodyConvertible.swift in Sources */ = {isa = PBXBuildFile; fileRef = 9DA947122562F4DB004E7AD0 /* BodyConvertible.swift */; };
		9DA947262562F4DB004E7AD0 /* ExtendedApiRequest.swift in Sources */ = {isa = PBXBuildFile; fileRef = 9DA947132562F4DB004E7AD0 /* ExtendedApiRequest.swift */; };
		9DA947272562F4DB004E7AD0 /* Interceptor.swift in Sources */ = {isa = PBXBuildFile; fileRef = 9DA947142562F4DB004E7AD0 /* Interceptor.swift */; };
		9DA947282562F4DB004E7AD0 /* HttpMethod.swift in Sources */ = {isa = PBXBuildFile; fileRef = 9DA947152562F4DB004E7AD0 /* HttpMethod.swift */; };
		9DA9472A2562F4DB004E7AD0 /* Header.swift in Sources */ = {isa = PBXBuildFile; fileRef = 9DA947172562F4DB004E7AD0 /* Header.swift */; };
		9DA9472B2562F4DB004E7AD0 /* URLSessionProtocol.swift in Sources */ = {isa = PBXBuildFile; fileRef = 9DA947182562F4DB004E7AD0 /* URLSessionProtocol.swift */; };
		9DA9472D2562F4DB004E7AD0 /* QueryField.swift in Sources */ = {isa = PBXBuildFile; fileRef = 9DA9471A2562F4DB004E7AD0 /* QueryField.swift */; };
		9DA9472E2562F4DB004E7AD0 /* ApiEndpoint.swift in Sources */ = {isa = PBXBuildFile; fileRef = 9DA9471B2562F4DB004E7AD0 /* ApiEndpoint.swift */; };
		9DA9472F2562F4DB004E7AD0 /* ApiRequest.swift in Sources */ = {isa = PBXBuildFile; fileRef = 9DA9471C2562F4DB004E7AD0 /* ApiRequest.swift */; };
		9DA947302562F4DB004E7AD0 /* NetworkRequest.swift in Sources */ = {isa = PBXBuildFile; fileRef = 9DA9471D2562F4DB004E7AD0 /* NetworkRequest.swift */; };
		9DA947312562F4DB004E7AD0 /* ApiBaseGateway.swift in Sources */ = {isa = PBXBuildFile; fileRef = 9DA9471E2562F4DB004E7AD0 /* ApiBaseGateway.swift */; };
		9DA947322562F4DB004E7AD0 /* JsonResponseHandler.swift in Sources */ = {isa = PBXBuildFile; fileRef = 9DA9471F2562F4DB004E7AD0 /* JsonResponseHandler.swift */; };
		9DA947362562F738004E7AD0 /* UIView+Extension.swift in Sources */ = {isa = PBXBuildFile; fileRef = 9DA947352562F738004E7AD0 /* UIView+Extension.swift */; };
		9DA9473E2562F786004E7AD0 /* PreviewUIKit.swift in Sources */ = {isa = PBXBuildFile; fileRef = 9DA9473C2562F786004E7AD0 /* PreviewUIKit.swift */; };
		9DBCC6F225654445001E1B6F /* UISearchBar+Extension.swift in Sources */ = {isa = PBXBuildFile; fileRef = 9DBCC6F125654445001E1B6F /* UISearchBar+Extension.swift */; };
		9DE18E89256BAC94008394F0 /* Reducable.swift in Sources */ = {isa = PBXBuildFile; fileRef = 9DE18E88256BAC94008394F0 /* Reducable.swift */; };
		9DE18E8C256BC159008394F0 /* RepositoryState.swift in Sources */ = {isa = PBXBuildFile; fileRef = 9DE18E8B256BC159008394F0 /* RepositoryState.swift */; };
/* End PBXBuildFile section */

/* Begin PBXFileReference section */
		9D04E68E2568155B002E5F34 /* BatchedActions.swift */ = {isa = PBXFileReference; fileEncoding = 4; lastKnownFileType = sourcecode.swift; path = BatchedActions.swift; sourceTree = "<group>"; };
		9D04E6902568155B002E5F34 /* Reducer.swift */ = {isa = PBXFileReference; fileEncoding = 4; lastKnownFileType = sourcecode.swift; path = Reducer.swift; sourceTree = "<group>"; };
		9D04E6922568155B002E5F34 /* Observer.swift */ = {isa = PBXFileReference; fileEncoding = 4; lastKnownFileType = sourcecode.swift; path = Observer.swift; sourceTree = "<group>"; };
		9D04E6932568155B002E5F34 /* Observable.swift */ = {isa = PBXFileReference; fileEncoding = 4; lastKnownFileType = sourcecode.swift; path = Observable.swift; sourceTree = "<group>"; };
		9D04E6952568155B002E5F34 /* Disposable.swift */ = {isa = PBXFileReference; fileEncoding = 4; lastKnownFileType = sourcecode.swift; path = Disposable.swift; sourceTree = "<group>"; };
		9D04E6962568155B002E5F34 /* CompositeDisposable.swift */ = {isa = PBXFileReference; fileEncoding = 4; lastKnownFileType = sourcecode.swift; path = CompositeDisposable.swift; sourceTree = "<group>"; };
		9D04E6982568155B002E5F34 /* ReadWriteQueue.swift */ = {isa = PBXFileReference; fileEncoding = 4; lastKnownFileType = sourcecode.swift; path = ReadWriteQueue.swift; sourceTree = "<group>"; };
		9D04E6992568155B002E5F34 /* Atomic.swift */ = {isa = PBXFileReference; fileEncoding = 4; lastKnownFileType = sourcecode.swift; path = Atomic.swift; sourceTree = "<group>"; };
		9D04E69A2568155B002E5F34 /* Middleware.swift */ = {isa = PBXFileReference; fileEncoding = 4; lastKnownFileType = sourcecode.swift; path = Middleware.swift; sourceTree = "<group>"; };
		9D04E69B2568155B002E5F34 /* Store.swift */ = {isa = PBXFileReference; fileEncoding = 4; lastKnownFileType = sourcecode.swift; path = Store.swift; sourceTree = "<group>"; };
		9D04E69C2568155B002E5F34 /* Action.swift */ = {isa = PBXFileReference; fileEncoding = 4; lastKnownFileType = sourcecode.swift; path = Action.swift; sourceTree = "<group>"; };
		9D04E69E2568155B002E5F34 /* Redux+Command.swift */ = {isa = PBXFileReference; fileEncoding = 4; lastKnownFileType = sourcecode.swift; path = "Redux+Command.swift"; sourceTree = "<group>"; };
		9D04E69F2568155B002E5F34 /* Command.swift */ = {isa = PBXFileReference; fileEncoding = 4; lastKnownFileType = sourcecode.swift; path = Command.swift; sourceTree = "<group>"; };
		9D04E6A12568155B002E5F34 /* SideEffects.swift */ = {isa = PBXFileReference; fileEncoding = 4; lastKnownFileType = sourcecode.swift; path = SideEffects.swift; sourceTree = "<group>"; };
		9D04E6A32568155B002E5F34 /* ObservableProducer.swift */ = {isa = PBXFileReference; fileEncoding = 4; lastKnownFileType = sourcecode.swift; path = ObservableProducer.swift; sourceTree = "<group>"; };
		9D04E6A42568155B002E5F34 /* Observable+Steroids.swift */ = {isa = PBXFileReference; fileEncoding = 4; lastKnownFileType = sourcecode.swift; path = "Observable+Steroids.swift"; sourceTree = "<group>"; };
		9D04E6A52568155B002E5F34 /* Store+Steroids.swift */ = {isa = PBXFileReference; fileEncoding = 4; lastKnownFileType = sourcecode.swift; path = "Store+Steroids.swift"; sourceTree = "<group>"; };
		9D04E6BE25682376002E5F34 /* AppState.swift */ = {isa = PBXFileReference; lastKnownFileType = sourcecode.swift; path = AppState.swift; sourceTree = "<group>"; };
		9D55CB8B256BD2E200303406 /* RepositoryConnector.swift */ = {isa = PBXFileReference; lastKnownFileType = sourcecode.swift; path = RepositoryConnector.swift; sourceTree = "<group>"; };
		9D55CB8E256BD31600303406 /* Store+Extension.swift */ = {isa = PBXFileReference; lastKnownFileType = sourcecode.swift; path = "Store+Extension.swift"; sourceTree = "<group>"; };
		9D55CB92256BD40E00303406 /* SearchMiddlewareEffect.swift */ = {isa = PBXFileReference; lastKnownFileType = sourcecode.swift; path = SearchMiddlewareEffect.swift; sourceTree = "<group>"; };
		9D55CBB5256C256400303406 /* RepositoriesViewController+Setupable.swift */ = {isa = PBXFileReference; lastKnownFileType = sourcecode.swift; path = "RepositoriesViewController+Setupable.swift"; sourceTree = "<group>"; };
		9D55CBBC256C276600303406 /* Optional+Extension.swift */ = {isa = PBXFileReference; lastKnownFileType = sourcecode.swift; path = "Optional+Extension.swift"; sourceTree = "<group>"; };
		9D5F13F725644DB700C9A6D2 /* RepositoryCell.swift */ = {isa = PBXFileReference; lastKnownFileType = sourcecode.swift; path = RepositoryCell.swift; sourceTree = "<group>"; };
		9D751939256316EB00C63D10 /* SearchRepositoriesGateway.swift */ = {isa = PBXFileReference; lastKnownFileType = sourcecode.swift; path = SearchRepositoriesGateway.swift; sourceTree = "<group>"; };
		9D75193D25631EAE00C63D10 /* ErrorResponseHandler.swift */ = {isa = PBXFileReference; lastKnownFileType = sourcecode.swift; path = ErrorResponseHandler.swift; sourceTree = "<group>"; };
		9D7519412563229300C63D10 /* ResponseErrorEntity.swift */ = {isa = PBXFileReference; lastKnownFileType = sourcecode.swift; path = ResponseErrorEntity.swift; sourceTree = "<group>"; };
		9D77C29725645C1B000E5E5B /* UINib+Extension.swift */ = {isa = PBXFileReference; fileEncoding = 4; lastKnownFileType = sourcecode.swift; path = "UINib+Extension.swift"; sourceTree = "<group>"; };
		9D77C29825645C1B000E5E5B /* UITableView+Extension.swift */ = {isa = PBXFileReference; fileEncoding = 4; lastKnownFileType = sourcecode.swift; path = "UITableView+Extension.swift"; sourceTree = "<group>"; };
		9D77C29925645C1B000E5E5B /* Functions.swift */ = {isa = PBXFileReference; fileEncoding = 4; lastKnownFileType = sourcecode.swift; path = Functions.swift; sourceTree = "<group>"; };
		9D8FCE1F2563300300F50BA5 /* AnyError.swift */ = {isa = PBXFileReference; lastKnownFileType = sourcecode.swift; path = AnyError.swift; sourceTree = "<group>"; };
		9D8FCE222563321300F50BA5 /* ConcurrencyRequests.swift */ = {isa = PBXFileReference; lastKnownFileType = sourcecode.swift; path = ConcurrencyRequests.swift; sourceTree = "<group>"; };
		9D9A9646256304F600764B23 /* GitHubStaff.swift */ = {isa = PBXFileReference; lastKnownFileType = sourcecode.swift; path = GitHubStaff.swift; sourceTree = "<group>"; };
		9D9A966025630A4600764B23 /* Config.swift */ = {isa = PBXFileReference; lastKnownFileType = sourcecode.swift; path = Config.swift; sourceTree = "<group>"; };
		9D9A9666256310D800764B23 /* PaginationEntity.swift */ = {isa = PBXFileReference; lastKnownFileType = sourcecode.swift; path = PaginationEntity.swift; sourceTree = "<group>"; };
		9D9A966A256314CB00764B23 /* RepositoryEntity.swift */ = {isa = PBXFileReference; lastKnownFileType = sourcecode.swift; path = RepositoryEntity.swift; sourceTree = "<group>"; };
		9DA359922565115A006C2B44 /* Collection+Extension.swift */ = {isa = PBXFileReference; lastKnownFileType = sourcecode.swift; path = "Collection+Extension.swift"; sourceTree = "<group>"; };
		9DA359952565170C006C2B44 /* Deallocator.swift */ = {isa = PBXFileReference; lastKnownFileType = sourcecode.swift; path = Deallocator.swift; sourceTree = "<group>"; };
		9DA359982565339D006C2B44 /* NSLayoutConstraint+Extension.swift */ = {isa = PBXFileReference; lastKnownFileType = sourcecode.swift; path = "NSLayoutConstraint+Extension.swift"; sourceTree = "<group>"; };
		9DA946F42562F42F004E7AD0 /* GHSR.app */ = {isa = PBXFileReference; explicitFileType = wrapper.application; includeInIndex = 0; path = GHSR.app; sourceTree = BUILT_PRODUCTS_DIR; };
		9DA946F72562F42F004E7AD0 /* AppDelegate.swift */ = {isa = PBXFileReference; lastKnownFileType = sourcecode.swift; path = AppDelegate.swift; sourceTree = "<group>"; };
		9DA946F92562F42F004E7AD0 /* SceneDelegate.swift */ = {isa = PBXFileReference; lastKnownFileType = sourcecode.swift; path = SceneDelegate.swift; sourceTree = "<group>"; };
		9DA946FB2562F42F004E7AD0 /* RepositoriesViewController.swift */ = {isa = PBXFileReference; lastKnownFileType = sourcecode.swift; path = RepositoriesViewController.swift; sourceTree = "<group>"; };
		9DA946FE2562F42F004E7AD0 /* Base */ = {isa = PBXFileReference; lastKnownFileType = file.storyboard; name = Base; path = Base.lproj/Main.storyboard; sourceTree = "<group>"; };
		9DA947002562F431004E7AD0 /* Assets.xcassets */ = {isa = PBXFileReference; lastKnownFileType = folder.assetcatalog; path = Assets.xcassets; sourceTree = "<group>"; };
		9DA947032562F431004E7AD0 /* Base */ = {isa = PBXFileReference; lastKnownFileType = file.storyboard; name = Base; path = Base.lproj/LaunchScreen.storyboard; sourceTree = "<group>"; };
		9DA947052562F431004E7AD0 /* Info.plist */ = {isa = PBXFileReference; lastKnownFileType = text.plist.xml; path = Info.plist; sourceTree = "<group>"; };
		9DA9470D2562F4DB004E7AD0 /* ResponseHandler.swift */ = {isa = PBXFileReference; fileEncoding = 4; lastKnownFileType = sourcecode.swift; path = ResponseHandler.swift; sourceTree = "<group>"; };
		9DA9470E2562F4DB004E7AD0 /* UploadFile.swift */ = {isa = PBXFileReference; fileEncoding = 4; lastKnownFileType = sourcecode.swift; path = UploadFile.swift; sourceTree = "<group>"; };
		9DA9470F2562F4DB004E7AD0 /* ApiClientImpl.swift */ = {isa = PBXFileReference; fileEncoding = 4; lastKnownFileType = sourcecode.swift; path = ApiClientImpl.swift; sourceTree = "<group>"; };
		9DA947102562F4DB004E7AD0 /* ApiClient.swift */ = {isa = PBXFileReference; fileEncoding = 4; lastKnownFileType = sourcecode.swift; path = ApiClient.swift; sourceTree = "<group>"; };
		9DA947112562F4DB004E7AD0 /* Requests.swift */ = {isa = PBXFileReference; fileEncoding = 4; lastKnownFileType = sourcecode.swift; path = Requests.swift; sourceTree = "<group>"; };
		9DA947122562F4DB004E7AD0 /* BodyConvertible.swift */ = {isa = PBXFileReference; fileEncoding = 4; lastKnownFileType = sourcecode.swift; path = BodyConvertible.swift; sourceTree = "<group>"; };
		9DA947132562F4DB004E7AD0 /* ExtendedApiRequest.swift */ = {isa = PBXFileReference; fileEncoding = 4; lastKnownFileType = sourcecode.swift; path = ExtendedApiRequest.swift; sourceTree = "<group>"; };
		9DA947142562F4DB004E7AD0 /* Interceptor.swift */ = {isa = PBXFileReference; fileEncoding = 4; lastKnownFileType = sourcecode.swift; path = Interceptor.swift; sourceTree = "<group>"; };
		9DA947152562F4DB004E7AD0 /* HttpMethod.swift */ = {isa = PBXFileReference; fileEncoding = 4; lastKnownFileType = sourcecode.swift; path = HttpMethod.swift; sourceTree = "<group>"; };
		9DA947172562F4DB004E7AD0 /* Header.swift */ = {isa = PBXFileReference; fileEncoding = 4; lastKnownFileType = sourcecode.swift; path = Header.swift; sourceTree = "<group>"; };
		9DA947182562F4DB004E7AD0 /* URLSessionProtocol.swift */ = {isa = PBXFileReference; fileEncoding = 4; lastKnownFileType = sourcecode.swift; path = URLSessionProtocol.swift; sourceTree = "<group>"; };
		9DA9471A2562F4DB004E7AD0 /* QueryField.swift */ = {isa = PBXFileReference; fileEncoding = 4; lastKnownFileType = sourcecode.swift; path = QueryField.swift; sourceTree = "<group>"; };
		9DA9471B2562F4DB004E7AD0 /* ApiEndpoint.swift */ = {isa = PBXFileReference; fileEncoding = 4; lastKnownFileType = sourcecode.swift; path = ApiEndpoint.swift; sourceTree = "<group>"; };
		9DA9471C2562F4DB004E7AD0 /* ApiRequest.swift */ = {isa = PBXFileReference; fileEncoding = 4; lastKnownFileType = sourcecode.swift; path = ApiRequest.swift; sourceTree = "<group>"; };
		9DA9471D2562F4DB004E7AD0 /* NetworkRequest.swift */ = {isa = PBXFileReference; fileEncoding = 4; lastKnownFileType = sourcecode.swift; path = NetworkRequest.swift; sourceTree = "<group>"; };
		9DA9471E2562F4DB004E7AD0 /* ApiBaseGateway.swift */ = {isa = PBXFileReference; fileEncoding = 4; lastKnownFileType = sourcecode.swift; path = ApiBaseGateway.swift; sourceTree = "<group>"; };
		9DA9471F2562F4DB004E7AD0 /* JsonResponseHandler.swift */ = {isa = PBXFileReference; fileEncoding = 4; lastKnownFileType = sourcecode.swift; path = JsonResponseHandler.swift; sourceTree = "<group>"; };
		9DA947352562F738004E7AD0 /* UIView+Extension.swift */ = {isa = PBXFileReference; lastKnownFileType = sourcecode.swift; path = "UIView+Extension.swift"; sourceTree = "<group>"; };
		9DA9473C2562F786004E7AD0 /* PreviewUIKit.swift */ = {isa = PBXFileReference; fileEncoding = 4; lastKnownFileType = sourcecode.swift; path = PreviewUIKit.swift; sourceTree = "<group>"; };
		9DBCC6F125654445001E1B6F /* UISearchBar+Extension.swift */ = {isa = PBXFileReference; lastKnownFileType = sourcecode.swift; path = "UISearchBar+Extension.swift"; sourceTree = "<group>"; };
		9DE18E88256BAC94008394F0 /* Reducable.swift */ = {isa = PBXFileReference; lastKnownFileType = sourcecode.swift; path = Reducable.swift; sourceTree = "<group>"; };
		9DE18E8B256BC159008394F0 /* RepositoryState.swift */ = {isa = PBXFileReference; lastKnownFileType = sourcecode.swift; path = RepositoryState.swift; sourceTree = "<group>"; };
/* End PBXFileReference section */

/* Begin PBXFrameworksBuildPhase section */
		9DA946F12562F42F004E7AD0 /* Frameworks */ = {
			isa = PBXFrameworksBuildPhase;
			buildActionMask = 2147483647;
			files = (
			);
			runOnlyForDeploymentPostprocessing = 0;
		};
/* End PBXFrameworksBuildPhase section */

/* Begin PBXGroup section */
		9D04E68B2568155B002E5F34 /* SwiftyRedux */ = {
			isa = PBXGroup;
			children = (
				9D04E68C2568155B002E5F34 /* Sources */,
			);
			path = SwiftyRedux;
			sourceTree = "<group>";
		};
		9D04E68C2568155B002E5F34 /* Sources */ = {
			isa = PBXGroup;
			children = (
				9D04E68D2568155B002E5F34 /* BatchedActions */,
				9D04E68F2568155B002E5F34 /* Core */,
				9D04E69D2568155B002E5F34 /* Command */,
				9D04E6A02568155B002E5F34 /* SideEffects */,
				9D04E6A22568155B002E5F34 /* Steroids */,
			);
			path = Sources;
			sourceTree = "<group>";
		};
		9D04E68D2568155B002E5F34 /* BatchedActions */ = {
			isa = PBXGroup;
			children = (
				9D04E68E2568155B002E5F34 /* BatchedActions.swift */,
			);
			path = BatchedActions;
			sourceTree = "<group>";
		};
		9D04E68F2568155B002E5F34 /* Core */ = {
			isa = PBXGroup;
			children = (
				9D04E6912568155B002E5F34 /* Observing */,
				9D04E6942568155B002E5F34 /* Disposing */,
				9D04E6972568155B002E5F34 /* Concurrency */,
				9D04E6902568155B002E5F34 /* Reducer.swift */,
				9D04E69A2568155B002E5F34 /* Middleware.swift */,
				9D04E69B2568155B002E5F34 /* Store.swift */,
				9D04E69C2568155B002E5F34 /* Action.swift */,
			);
			path = Core;
			sourceTree = "<group>";
		};
		9D04E6912568155B002E5F34 /* Observing */ = {
			isa = PBXGroup;
			children = (
				9D04E6922568155B002E5F34 /* Observer.swift */,
				9D04E6932568155B002E5F34 /* Observable.swift */,
			);
			path = Observing;
			sourceTree = "<group>";
		};
		9D04E6942568155B002E5F34 /* Disposing */ = {
			isa = PBXGroup;
			children = (
				9D04E6952568155B002E5F34 /* Disposable.swift */,
				9D04E6962568155B002E5F34 /* CompositeDisposable.swift */,
			);
			path = Disposing;
			sourceTree = "<group>";
		};
		9D04E6972568155B002E5F34 /* Concurrency */ = {
			isa = PBXGroup;
			children = (
				9D04E6982568155B002E5F34 /* ReadWriteQueue.swift */,
				9D04E6992568155B002E5F34 /* Atomic.swift */,
			);
			path = Concurrency;
			sourceTree = "<group>";
		};
		9D04E69D2568155B002E5F34 /* Command */ = {
			isa = PBXGroup;
			children = (
				9D04E69E2568155B002E5F34 /* Redux+Command.swift */,
				9D04E69F2568155B002E5F34 /* Command.swift */,
			);
			path = Command;
			sourceTree = "<group>";
		};
		9D04E6A02568155B002E5F34 /* SideEffects */ = {
			isa = PBXGroup;
			children = (
				9D04E6A12568155B002E5F34 /* SideEffects.swift */,
			);
			path = SideEffects;
			sourceTree = "<group>";
		};
		9D04E6A22568155B002E5F34 /* Steroids */ = {
			isa = PBXGroup;
			children = (
				9D04E6A32568155B002E5F34 /* ObservableProducer.swift */,
				9D04E6A42568155B002E5F34 /* Observable+Steroids.swift */,
				9D04E6A52568155B002E5F34 /* Store+Steroids.swift */,
			);
			path = Steroids;
			sourceTree = "<group>";
		};
		9D04E6BD25682349002E5F34 /* AppState */ = {
			isa = PBXGroup;
			children = (
				9D04E6BE25682376002E5F34 /* AppState.swift */,
			);
			path = AppState;
			sourceTree = "<group>";
		};
		9D7519452563255400C63D10 /* ResponseHandlers */ = {
			isa = PBXGroup;
			children = (
				9DA9470D2562F4DB004E7AD0 /* ResponseHandler.swift */,
				9DA9471F2562F4DB004E7AD0 /* JsonResponseHandler.swift */,
				9D75193D25631EAE00C63D10 /* ErrorResponseHandler.swift */,
			);
			path = ResponseHandlers;
			sourceTree = "<group>";
		};
		9D9A96692563148B00764B23 /* Domain */ = {
			isa = PBXGroup;
			children = (
				9D9A9646256304F600764B23 /* GitHubStaff.swift */,
				9D9A9666256310D800764B23 /* PaginationEntity.swift */,
				9D9A966A256314CB00764B23 /* RepositoryEntity.swift */,
				9D7519412563229300C63D10 /* ResponseErrorEntity.swift */,
				9D8FCE1F2563300300F50BA5 /* AnyError.swift */,
			);
			path = Domain;
			sourceTree = "<group>";
		};
		9DA3761E2564FC8700F742BB /* Repository */ = {
			isa = PBXGroup;
			children = (
				9D55CB92256BD40E00303406 /* SearchMiddlewareEffect.swift */,
				9DE18E8B256BC159008394F0 /* RepositoryState.swift */,
				9D55CB8B256BD2E200303406 /* RepositoryConnector.swift */,
				9DA946FB2562F42F004E7AD0 /* RepositoriesViewController.swift */,
				9D55CBB5256C256400303406 /* RepositoriesViewController+Setupable.swift */,
				9D5F13F725644DB700C9A6D2 /* RepositoryCell.swift */,
			);
			path = Repository;
			sourceTree = "<group>";
		};
		9DA946EB2562F42F004E7AD0 = {
			isa = PBXGroup;
			children = (
				9D04E68B2568155B002E5F34 /* SwiftyRedux */,
				9DBCC6F625655EFB001E1B6F /* AppComponents */,
				9D9A96692563148B00764B23 /* Domain */,
				9DA9474125630011004E7AD0 /* Previews */,
				9DA947382562F73D004E7AD0 /* Extensions */,
				9DBCC6F525655EAD001E1B6F /* Config */,
				9DA9470C2562F4DB004E7AD0 /* Geteway */,
				9D04E6BD25682349002E5F34 /* AppState */,
				9DFB72BE25643AED00424173 /* UI */,
				9DA946F62562F42F004E7AD0 /* GHSR */,
				9DE18E8F256BC384008394F0 /* Resources */,
				9DA946F52562F42F004E7AD0 /* Products */,
			);
			sourceTree = "<group>";
		};
		9DA946F52562F42F004E7AD0 /* Products */ = {
			isa = PBXGroup;
			children = (
				9DA946F42562F42F004E7AD0 /* GHSR.app */,
			);
			name = Products;
			sourceTree = "<group>";
		};
		9DA946F62562F42F004E7AD0 /* GHSR */ = {
			isa = PBXGroup;
			children = (
				9DA946F72562F42F004E7AD0 /* AppDelegate.swift */,
				9DA946F92562F42F004E7AD0 /* SceneDelegate.swift */,
			);
			path = GHSR;
			sourceTree = "<group>";
		};
		9DA9470C2562F4DB004E7AD0 /* Geteway */ = {
			isa = PBXGroup;
			children = (
				9DBCC6F825655FD7001E1B6F /* Interceptors */,
				9D7519452563255400C63D10 /* ResponseHandlers */,
				9DBCC6F725655F48001E1B6F /* Componens */,
				9DA9470F2562F4DB004E7AD0 /* ApiClientImpl.swift */,
				9DA947102562F4DB004E7AD0 /* ApiClient.swift */,
				9DA947112562F4DB004E7AD0 /* Requests.swift */,
				9DA9471E2562F4DB004E7AD0 /* ApiBaseGateway.swift */,
				9D751939256316EB00C63D10 /* SearchRepositoriesGateway.swift */,
			);
			path = Geteway;
			sourceTree = "<group>";
		};
		9DA947382562F73D004E7AD0 /* Extensions */ = {
			isa = PBXGroup;
			children = (
				9DA947182562F4DB004E7AD0 /* URLSessionProtocol.swift */,
				9DA359982565339D006C2B44 /* NSLayoutConstraint+Extension.swift */,
				9D77C29925645C1B000E5E5B /* Functions.swift */,
				9D77C29725645C1B000E5E5B /* UINib+Extension.swift */,
				9D77C29825645C1B000E5E5B /* UITableView+Extension.swift */,
				9DA947352562F738004E7AD0 /* UIView+Extension.swift */,
				9DA359922565115A006C2B44 /* Collection+Extension.swift */,
				9DBCC6F125654445001E1B6F /* UISearchBar+Extension.swift */,
				9D55CBBC256C276600303406 /* Optional+Extension.swift */,
			);
			path = Extensions;
			sourceTree = "<group>";
		};
		9DA9474125630011004E7AD0 /* Previews */ = {
			isa = PBXGroup;
			children = (
				9DA9473C2562F786004E7AD0 /* PreviewUIKit.swift */,
			);
			path = Previews;
			sourceTree = "<group>";
		};
		9DBCC6F525655EAD001E1B6F /* Config */ = {
			isa = PBXGroup;
			children = (
				9DA9471B2562F4DB004E7AD0 /* ApiEndpoint.swift */,
				9D9A966025630A4600764B23 /* Config.swift */,
			);
			path = Config;
			sourceTree = "<group>";
		};
		9DBCC6F625655EFB001E1B6F /* AppComponents */ = {
			isa = PBXGroup;
			children = (
				9DA359952565170C006C2B44 /* Deallocator.swift */,
				9DE18E88256BAC94008394F0 /* Reducable.swift */,
				9D8FCE222563321300F50BA5 /* ConcurrencyRequests.swift */,
				9D55CB8E256BD31600303406 /* Store+Extension.swift */,
			);
			path = AppComponents;
			sourceTree = "<group>";
		};
		9DBCC6F725655F48001E1B6F /* Componens */ = {
			isa = PBXGroup;
			children = (
				9DA9471D2562F4DB004E7AD0 /* NetworkRequest.swift */,
				9DA947152562F4DB004E7AD0 /* HttpMethod.swift */,
				9DA947172562F4DB004E7AD0 /* Header.swift */,
				9DA9471A2562F4DB004E7AD0 /* QueryField.swift */,
				9DA9471C2562F4DB004E7AD0 /* ApiRequest.swift */,
				9DA9470E2562F4DB004E7AD0 /* UploadFile.swift */,
				9DA947122562F4DB004E7AD0 /* BodyConvertible.swift */,
				9DA947132562F4DB004E7AD0 /* ExtendedApiRequest.swift */,
			);
			path = Componens;
			sourceTree = "<group>";
		};
		9DBCC6F825655FD7001E1B6F /* Interceptors */ = {
			isa = PBXGroup;
			children = (
				9DA947142562F4DB004E7AD0 /* Interceptor.swift */,
			);
			path = Interceptors;
			sourceTree = "<group>";
		};
		9DE18E8F256BC384008394F0 /* Resources */ = {
			isa = PBXGroup;
			children = (
				9DA946FD2562F42F004E7AD0 /* Main.storyboard */,
				9DA947002562F431004E7AD0 /* Assets.xcassets */,
				9DA947022562F431004E7AD0 /* LaunchScreen.storyboard */,
				9DA947052562F431004E7AD0 /* Info.plist */,
			);
			path = Resources;
			sourceTree = "<group>";
		};
		9DFB72BE25643AED00424173 /* UI */ = {
			isa = PBXGroup;
			children = (
				9DA3761E2564FC8700F742BB /* Repository */,
			);
			path = UI;
			sourceTree = "<group>";
		};
/* End PBXGroup section */

/* Begin PBXNativeTarget section */
		9DA946F32562F42F004E7AD0 /* GHSR */ = {
			isa = PBXNativeTarget;
			buildConfigurationList = 9DA947082562F431004E7AD0 /* Build configuration list for PBXNativeTarget "GHSR" */;
			buildPhases = (
				9DA946F02562F42F004E7AD0 /* Sources */,
				9DA946F12562F42F004E7AD0 /* Frameworks */,
				9DA946F22562F42F004E7AD0 /* Resources */,
			);
			buildRules = (
			);
			dependencies = (
			);
			name = GHSR;
			productName = GHSR;
			productReference = 9DA946F42562F42F004E7AD0 /* GHSR.app */;
			productType = "com.apple.product-type.application";
		};
/* End PBXNativeTarget section */

/* Begin PBXProject section */
		9DA946EC2562F42F004E7AD0 /* Project object */ = {
			isa = PBXProject;
			attributes = {
				LastSwiftUpdateCheck = 1220;
				LastUpgradeCheck = 1220;
				TargetAttributes = {
					9DA946F32562F42F004E7AD0 = {
						CreatedOnToolsVersion = 12.2;
					};
				};
			};
			buildConfigurationList = 9DA946EF2562F42F004E7AD0 /* Build configuration list for PBXProject "GHSR" */;
			compatibilityVersion = "Xcode 9.3";
			developmentRegion = en;
			hasScannedForEncodings = 0;
			knownRegions = (
				en,
				Base,
			);
			mainGroup = 9DA946EB2562F42F004E7AD0;
			productRefGroup = 9DA946F52562F42F004E7AD0 /* Products */;
			projectDirPath = "";
			projectRoot = "";
			targets = (
				9DA946F32562F42F004E7AD0 /* GHSR */,
			);
		};
/* End PBXProject section */

/* Begin PBXResourcesBuildPhase section */
		9DA946F22562F42F004E7AD0 /* Resources */ = {
			isa = PBXResourcesBuildPhase;
			buildActionMask = 2147483647;
			files = (
				9DA947042562F431004E7AD0 /* LaunchScreen.storyboard in Resources */,
				9DA947012562F431004E7AD0 /* Assets.xcassets in Resources */,
				9DA946FF2562F42F004E7AD0 /* Main.storyboard in Resources */,
			);
			runOnlyForDeploymentPostprocessing = 0;
		};
/* End PBXResourcesBuildPhase section */

/* Begin PBXSourcesBuildPhase section */
		9DA946F02562F42F004E7AD0 /* Sources */ = {
			isa = PBXSourcesBuildPhase;
			buildActionMask = 2147483647;
			files = (
				9DA359932565115A006C2B44 /* Collection+Extension.swift in Sources */,
				9D04E6B12568155C002E5F34 /* Redux+Command.swift in Sources */,
				9D04E6AA2568155B002E5F34 /* Disposable.swift in Sources */,
				9DA947362562F738004E7AD0 /* UIView+Extension.swift in Sources */,
				9DA9472F2562F4DB004E7AD0 /* ApiRequest.swift in Sources */,
				9DE18E89256BAC94008394F0 /* Reducable.swift in Sources */,
				9D04E6AF2568155C002E5F34 /* Store.swift in Sources */,
				9D04E6AD2568155C002E5F34 /* Atomic.swift in Sources */,
				9DA9472B2562F4DB004E7AD0 /* URLSessionProtocol.swift in Sources */,
				9DA947322562F4DB004E7AD0 /* JsonResponseHandler.swift in Sources */,
				9D77C29C25645C1B000E5E5B /* Functions.swift in Sources */,
				9DA947232562F4DB004E7AD0 /* ApiClient.swift in Sources */,
				9D9A966B256314CB00764B23 /* RepositoryEntity.swift in Sources */,
				9D9A9647256304F600764B23 /* GitHubStaff.swift in Sources */,
				9DA946FC2562F42F004E7AD0 /* RepositoriesViewController.swift in Sources */,
				9D04E6AE2568155C002E5F34 /* Middleware.swift in Sources */,
				9DBCC6F225654445001E1B6F /* UISearchBar+Extension.swift in Sources */,
				9D75193A256316EB00C63D10 /* SearchRepositoriesGateway.swift in Sources */,
				9DA947212562F4DB004E7AD0 /* UploadFile.swift in Sources */,
				9DA947202562F4DB004E7AD0 /* ResponseHandler.swift in Sources */,
				9DE18E8C256BC159008394F0 /* RepositoryState.swift in Sources */,
				9D04E6BF25682376002E5F34 /* AppState.swift in Sources */,
				9DA947282562F4DB004E7AD0 /* HttpMethod.swift in Sources */,
				9D55CB93256BD40E00303406 /* SearchMiddlewareEffect.swift in Sources */,
				9DA946F82562F42F004E7AD0 /* AppDelegate.swift in Sources */,
				9D9A966125630A4600764B23 /* Config.swift in Sources */,
				9D55CBB6256C256400303406 /* RepositoriesViewController+Setupable.swift in Sources */,
				9DA947272562F4DB004E7AD0 /* Interceptor.swift in Sources */,
				9DA9473E2562F786004E7AD0 /* PreviewUIKit.swift in Sources */,
				9DA9472D2562F4DB004E7AD0 /* QueryField.swift in Sources */,
				9D04E6B62568155C002E5F34 /* Store+Steroids.swift in Sources */,
				9D04E6A92568155B002E5F34 /* Observable.swift in Sources */,
				9D04E6A72568155B002E5F34 /* Reducer.swift in Sources */,
				9D8FCE202563300300F50BA5 /* AnyError.swift in Sources */,
				9D77C29B25645C1B000E5E5B /* UITableView+Extension.swift in Sources */,
				9D8FCE232563321300F50BA5 /* ConcurrencyRequests.swift in Sources */,
				9D04E6A62568155B002E5F34 /* BatchedActions.swift in Sources */,
				9D55CBBD256C276600303406 /* Optional+Extension.swift in Sources */,
				9DA947242562F4DB004E7AD0 /* Requests.swift in Sources */,
				9D04E6B32568155C002E5F34 /* SideEffects.swift in Sources */,
				9DA947222562F4DB004E7AD0 /* ApiClientImpl.swift in Sources */,
				9D04E6B42568155C002E5F34 /* ObservableProducer.swift in Sources */,
				9DA947302562F4DB004E7AD0 /* NetworkRequest.swift in Sources */,
				9D04E6B02568155C002E5F34 /* Action.swift in Sources */,
				9D04E6B22568155C002E5F34 /* Command.swift in Sources */,
				9D77C29A25645C1B000E5E5B /* UINib+Extension.swift in Sources */,
				9DA9472A2562F4DB004E7AD0 /* Header.swift in Sources */,
				9D04E6B52568155C002E5F34 /* Observable+Steroids.swift in Sources */,
				9D55CB8C256BD2E200303406 /* RepositoryConnector.swift in Sources */,
				9D7519422563229300C63D10 /* ResponseErrorEntity.swift in Sources */,
				9D5F13F825644DB700C9A6D2 /* RepositoryCell.swift in Sources */,
				9DA946FA2562F42F004E7AD0 /* SceneDelegate.swift in Sources */,
				9D04E6A82568155B002E5F34 /* Observer.swift in Sources */,
				9DA947312562F4DB004E7AD0 /* ApiBaseGateway.swift in Sources */,
				9D9A9667256310D800764B23 /* PaginationEntity.swift in Sources */,
				9DA947252562F4DB004E7AD0 /* BodyConvertible.swift in Sources */,
				9D55CB8F256BD31600303406 /* Store+Extension.swift in Sources */,
				9DA359992565339D006C2B44 /* NSLayoutConstraint+Extension.swift in Sources */,
				9DA359962565170C006C2B44 /* Deallocator.swift in Sources */,
				9DA947262562F4DB004E7AD0 /* ExtendedApiRequest.swift in Sources */,
				9D75193E25631EAE00C63D10 /* ErrorResponseHandler.swift in Sources */,
				9D04E6AC2568155C002E5F34 /* ReadWriteQueue.swift in Sources */,
				9DA9472E2562F4DB004E7AD0 /* ApiEndpoint.swift in Sources */,
				9D04E6AB2568155B002E5F34 /* CompositeDisposable.swift in Sources */,
			);
			runOnlyForDeploymentPostprocessing = 0;
		};
/* End PBXSourcesBuildPhase section */

/* Begin PBXVariantGroup section */
		9DA946FD2562F42F004E7AD0 /* Main.storyboard */ = {
			isa = PBXVariantGroup;
			children = (
				9DA946FE2562F42F004E7AD0 /* Base */,
			);
			name = Main.storyboard;
			sourceTree = "<group>";
		};
		9DA947022562F431004E7AD0 /* LaunchScreen.storyboard */ = {
			isa = PBXVariantGroup;
			children = (
				9DA947032562F431004E7AD0 /* Base */,
			);
			name = LaunchScreen.storyboard;
			sourceTree = "<group>";
		};
/* End PBXVariantGroup section */

/* Begin XCBuildConfiguration section */
		9DA947062562F431004E7AD0 /* Debug */ = {
			isa = XCBuildConfiguration;
			buildSettings = {
				ALWAYS_SEARCH_USER_PATHS = NO;
				CLANG_ANALYZER_NONNULL = YES;
				CLANG_ANALYZER_NUMBER_OBJECT_CONVERSION = YES_AGGRESSIVE;
				CLANG_CXX_LANGUAGE_STANDARD = "gnu++14";
				CLANG_CXX_LIBRARY = "libc++";
				CLANG_ENABLE_MODULES = YES;
				CLANG_ENABLE_OBJC_ARC = YES;
				CLANG_ENABLE_OBJC_WEAK = YES;
				CLANG_WARN_BLOCK_CAPTURE_AUTORELEASING = YES;
				CLANG_WARN_BOOL_CONVERSION = YES;
				CLANG_WARN_COMMA = YES;
				CLANG_WARN_CONSTANT_CONVERSION = YES;
				CLANG_WARN_DEPRECATED_OBJC_IMPLEMENTATIONS = YES;
				CLANG_WARN_DIRECT_OBJC_ISA_USAGE = YES_ERROR;
				CLANG_WARN_DOCUMENTATION_COMMENTS = YES;
				CLANG_WARN_EMPTY_BODY = YES;
				CLANG_WARN_ENUM_CONVERSION = YES;
				CLANG_WARN_INFINITE_RECURSION = YES;
				CLANG_WARN_INT_CONVERSION = YES;
				CLANG_WARN_NON_LITERAL_NULL_CONVERSION = YES;
				CLANG_WARN_OBJC_IMPLICIT_RETAIN_SELF = YES;
				CLANG_WARN_OBJC_LITERAL_CONVERSION = YES;
				CLANG_WARN_OBJC_ROOT_CLASS = YES_ERROR;
				CLANG_WARN_QUOTED_INCLUDE_IN_FRAMEWORK_HEADER = YES;
				CLANG_WARN_RANGE_LOOP_ANALYSIS = YES;
				CLANG_WARN_STRICT_PROTOTYPES = YES;
				CLANG_WARN_SUSPICIOUS_MOVE = YES;
				CLANG_WARN_UNGUARDED_AVAILABILITY = YES_AGGRESSIVE;
				CLANG_WARN_UNREACHABLE_CODE = YES;
				CLANG_WARN__DUPLICATE_METHOD_MATCH = YES;
				COPY_PHASE_STRIP = NO;
				DEBUG_INFORMATION_FORMAT = dwarf;
				ENABLE_STRICT_OBJC_MSGSEND = YES;
				ENABLE_TESTABILITY = YES;
				GCC_C_LANGUAGE_STANDARD = gnu11;
				GCC_DYNAMIC_NO_PIC = NO;
				GCC_NO_COMMON_BLOCKS = YES;
				GCC_OPTIMIZATION_LEVEL = 0;
				GCC_PREPROCESSOR_DEFINITIONS = (
					"DEBUG=1",
					"$(inherited)",
				);
				GCC_WARN_64_TO_32_BIT_CONVERSION = YES;
				GCC_WARN_ABOUT_RETURN_TYPE = YES_ERROR;
				GCC_WARN_UNDECLARED_SELECTOR = YES;
				GCC_WARN_UNINITIALIZED_AUTOS = YES_AGGRESSIVE;
				GCC_WARN_UNUSED_FUNCTION = YES;
				GCC_WARN_UNUSED_VARIABLE = YES;
				IPHONEOS_DEPLOYMENT_TARGET = 14.2;
				MTL_ENABLE_DEBUG_INFO = INCLUDE_SOURCE;
				MTL_FAST_MATH = YES;
				ONLY_ACTIVE_ARCH = YES;
				SDKROOT = iphoneos;
				SWIFT_ACTIVE_COMPILATION_CONDITIONS = DEBUG;
				SWIFT_OPTIMIZATION_LEVEL = "-Onone";
			};
			name = Debug;
		};
		9DA947072562F431004E7AD0 /* Release */ = {
			isa = XCBuildConfiguration;
			buildSettings = {
				ALWAYS_SEARCH_USER_PATHS = NO;
				CLANG_ANALYZER_NONNULL = YES;
				CLANG_ANALYZER_NUMBER_OBJECT_CONVERSION = YES_AGGRESSIVE;
				CLANG_CXX_LANGUAGE_STANDARD = "gnu++14";
				CLANG_CXX_LIBRARY = "libc++";
				CLANG_ENABLE_MODULES = YES;
				CLANG_ENABLE_OBJC_ARC = YES;
				CLANG_ENABLE_OBJC_WEAK = YES;
				CLANG_WARN_BLOCK_CAPTURE_AUTORELEASING = YES;
				CLANG_WARN_BOOL_CONVERSION = YES;
				CLANG_WARN_COMMA = YES;
				CLANG_WARN_CONSTANT_CONVERSION = YES;
				CLANG_WARN_DEPRECATED_OBJC_IMPLEMENTATIONS = YES;
				CLANG_WARN_DIRECT_OBJC_ISA_USAGE = YES_ERROR;
				CLANG_WARN_DOCUMENTATION_COMMENTS = YES;
				CLANG_WARN_EMPTY_BODY = YES;
				CLANG_WARN_ENUM_CONVERSION = YES;
				CLANG_WARN_INFINITE_RECURSION = YES;
				CLANG_WARN_INT_CONVERSION = YES;
				CLANG_WARN_NON_LITERAL_NULL_CONVERSION = YES;
				CLANG_WARN_OBJC_IMPLICIT_RETAIN_SELF = YES;
				CLANG_WARN_OBJC_LITERAL_CONVERSION = YES;
				CLANG_WARN_OBJC_ROOT_CLASS = YES_ERROR;
				CLANG_WARN_QUOTED_INCLUDE_IN_FRAMEWORK_HEADER = YES;
				CLANG_WARN_RANGE_LOOP_ANALYSIS = YES;
				CLANG_WARN_STRICT_PROTOTYPES = YES;
				CLANG_WARN_SUSPICIOUS_MOVE = YES;
				CLANG_WARN_UNGUARDED_AVAILABILITY = YES_AGGRESSIVE;
				CLANG_WARN_UNREACHABLE_CODE = YES;
				CLANG_WARN__DUPLICATE_METHOD_MATCH = YES;
				COPY_PHASE_STRIP = NO;
				DEBUG_INFORMATION_FORMAT = "dwarf-with-dsym";
				ENABLE_NS_ASSERTIONS = NO;
				ENABLE_STRICT_OBJC_MSGSEND = YES;
				GCC_C_LANGUAGE_STANDARD = gnu11;
				GCC_NO_COMMON_BLOCKS = YES;
				GCC_WARN_64_TO_32_BIT_CONVERSION = YES;
				GCC_WARN_ABOUT_RETURN_TYPE = YES_ERROR;
				GCC_WARN_UNDECLARED_SELECTOR = YES;
				GCC_WARN_UNINITIALIZED_AUTOS = YES_AGGRESSIVE;
				GCC_WARN_UNUSED_FUNCTION = YES;
				GCC_WARN_UNUSED_VARIABLE = YES;
				IPHONEOS_DEPLOYMENT_TARGET = 14.2;
				MTL_ENABLE_DEBUG_INFO = NO;
				MTL_FAST_MATH = YES;
				SDKROOT = iphoneos;
				SWIFT_COMPILATION_MODE = wholemodule;
				SWIFT_OPTIMIZATION_LEVEL = "-O";
				VALIDATE_PRODUCT = YES;
			};
			name = Release;
		};
		9DA947092562F431004E7AD0 /* Debug */ = {
			isa = XCBuildConfiguration;
			buildSettings = {
				ASSETCATALOG_COMPILER_APPICON_NAME = AppIcon;
				ASSETCATALOG_COMPILER_GLOBAL_ACCENT_COLOR_NAME = AccentColor;
				CODE_SIGN_STYLE = Automatic;
				INFOPLIST_FILE = Resources/Info.plist;
				LD_RUNPATH_SEARCH_PATHS = (
					"$(inherited)",
					"@executable_path/Frameworks",
				);
				PRODUCT_BUNDLE_IDENTIFIER = com.dmytro.kozak.GHSR;
				PRODUCT_NAME = "$(TARGET_NAME)";
				SWIFT_VERSION = 5.0;
				TARGETED_DEVICE_FAMILY = "1,2";
			};
			name = Debug;
		};
		9DA9470A2562F431004E7AD0 /* Release */ = {
			isa = XCBuildConfiguration;
			buildSettings = {
				ASSETCATALOG_COMPILER_APPICON_NAME = AppIcon;
				ASSETCATALOG_COMPILER_GLOBAL_ACCENT_COLOR_NAME = AccentColor;
				CODE_SIGN_STYLE = Automatic;
				INFOPLIST_FILE = Resources/Info.plist;
				LD_RUNPATH_SEARCH_PATHS = (
					"$(inherited)",
					"@executable_path/Frameworks",
				);
				PRODUCT_BUNDLE_IDENTIFIER = com.dmytro.kozak.GHSR;
				PRODUCT_NAME = "$(TARGET_NAME)";
				SWIFT_VERSION = 5.0;
				TARGETED_DEVICE_FAMILY = "1,2";
			};
			name = Release;
		};
/* End XCBuildConfiguration section */

/* Begin XCConfigurationList section */
		9DA946EF2562F42F004E7AD0 /* Build configuration list for PBXProject "GHSR" */ = {
			isa = XCConfigurationList;
			buildConfigurations = (
				9DA947062562F431004E7AD0 /* Debug */,
				9DA947072562F431004E7AD0 /* Release */,
			);
			defaultConfigurationIsVisible = 0;
			defaultConfigurationName = Release;
		};
		9DA947082562F431004E7AD0 /* Build configuration list for PBXNativeTarget "GHSR" */ = {
			isa = XCConfigurationList;
			buildConfigurations = (
				9DA947092562F431004E7AD0 /* Debug */,
				9DA9470A2562F431004E7AD0 /* Release */,
			);
			defaultConfigurationIsVisible = 0;
			defaultConfigurationName = Release;
		};
/* End XCConfigurationList section */
	};
	rootObject = 9DA946EC2562F42F004E7AD0 /* Project object */;
}
